
Microsoft Visual Studio Solution File, Format Version 12.00
# Visual Studio Version 17
VisualStudioVersion = 17.2.32630.192
MinimumVisualStudioVersion = 10.0.40219.1
Project("{9A19103F-16F7-4668-BE54-9A1E7A4F7556}") = "Mehmonxona.Tests", "Mehmonxona.Tests\Mehmonxona.Tests.csproj", "{B1200DDB-5E77-4501-8406-0D7E24597AC6}"
EndProject
Project("{9A19103F-16F7-4668-BE54-9A1E7A4F7556}") = "Mehmonxona.Data", "Mehmonxona.Data\Mehmonxona.Data.csproj", "{9CB057B2-EB48-4A6D-A7BA-9206EBBBCC0F}"
EndProject
Project("{9A19103F-16F7-4668-BE54-9A1E7A4F7556}") = "Mehmonxona.Domain", "Mehmonxona.Domain\Mehmonxona.Domain.csproj", "{BAE7A81C-F934-4046-B8B3-1931D1A2B3B2}"
EndProject
Project("{9A19103F-16F7-4668-BE54-9A1E7A4F7556}") = "Mehmonxona.Service", "Mehmonxona.Service\Mehmonxona.Service.csproj", "{BF1FD8CC-0EE2-480F-8682-F6E711C8E2CA}"
EndProject
Global
	GlobalSection(SolutionConfigurationPlatforms) = preSolution
		Debug|Any CPU = Debug|Any CPU
		Release|Any CPU = Release|Any CPU
	EndGlobalSection
	GlobalSection(ProjectConfigurationPlatforms) = postSolution
		{B1200DDB-5E77-4501-8406-0D7E24597AC6}.Debug|Any CPU.ActiveCfg = Debug|Any CPU
		{B1200DDB-5E77-4501-8406-0D7E24597AC6}.Debug|Any CPU.Build.0 = Debug|Any CPU
		{B1200DDB-5E77-4501-8406-0D7E24597AC6}.Release|Any CPU.ActiveCfg = Release|Any CPU
		{B1200DDB-5E77-4501-8406-0D7E24597AC6}.Release|Any CPU.Build.0 = Release|Any CPU
		{9CB057B2-EB48-4A6D-A7BA-9206EBBBCC0F}.Debug|Any CPU.ActiveCfg = Debug|Any CPU
		{9CB057B2-EB48-4A6D-A7BA-9206EBBBCC0F}.Debug|Any CPU.Build.0 = Debug|Any CPU
		{9CB057B2-EB48-4A6D-A7BA-9206EBBBCC0F}.Release|Any CPU.ActiveCfg = Release|Any CPU
		{9CB057B2-EB48-4A6D-A7BA-9206EBBBCC0F}.Release|Any CPU.Build.0 = Release|Any CPU
		{BAE7A81C-F934-4046-B8B3-1931D1A2B3B2}.Debug|Any CPU.ActiveCfg = Debug|Any CPU
		{BAE7A81C-F934-4046-B8B3-1931D1A2B3B2}.Debug|Any CPU.Build.0 = Debug|Any CPU
		{BAE7A81C-F934-4046-B8B3-1931D1A2B3B2}.Release|Any CPU.ActiveCfg = Release|Any CPU
		{BAE7A81C-F934-4046-B8B3-1931D1A2B3B2}.Release|Any CPU.Build.0 = Release|Any CPU
		{BF1FD8CC-0EE2-480F-8682-F6E711C8E2CA}.Debug|Any CPU.ActiveCfg = Debug|Any CPU
		{BF1FD8CC-0EE2-480F-8682-F6E711C8E2CA}.Debug|Any CPU.Build.0 = Debug|Any CPU
		{BF1FD8CC-0EE2-480F-8682-F6E711C8E2CA}.Release|Any CPU.ActiveCfg = Release|Any CPU
		{BF1FD8CC-0EE2-480F-8682-F6E711C8E2CA}.Release|Any CPU.Build.0 = Release|Any CPU
	EndGlobalSection
	GlobalSection(SolutionProperties) = preSolution
		HideSolutionNode = FALSE
	EndGlobalSection
	GlobalSection(ExtensibilityGlobals) = postSolution
		SolutionGuid = {AC71D422-5F36-4D54-9ABB-FB46C4D20622}
	EndGlobalSection
EndGlobal
